
Microsoft Visual Studio Solution File, Format Version 11.00
# Visual Studio 2010
Project("{FAE04EC0-301F-11D3-BF4B-00C04F79EFBC}") = "LiveDemo", "Assembly-CSharp.csproj", "{AE3D9FAC-42CA-C971-9F5D-F81B5415C3FA}"
EndProject
Project("{FAE04EC0-301F-11D3-BF4B-00C04F79EFBC}") = "LiveDemo", "Assembly-CSharp-Editor.csproj", "{20BD9030-8FBE-2899-636D-C6F2D62ECC49}"
EndProject
Global
	GlobalSection(SolutionConfigurationPlatforms) = preSolution
		Debug|Any CPU = Debug|Any CPU
		Release|Any CPU = Release|Any CPU
	EndGlobalSection
	GlobalSection(ProjectConfigurationPlatforms) = postSolution
		{AE3D9FAC-42CA-C971-9F5D-F81B5415C3FA}.Debug|Any CPU.ActiveCfg = Debug|Any CPU
		{AE3D9FAC-42CA-C971-9F5D-F81B5415C3FA}.Debug|Any CPU.Build.0 = Debug|Any CPU
		{AE3D9FAC-42CA-C971-9F5D-F81B5415C3FA}.Release|Any CPU.ActiveCfg = Release|Any CPU
		{AE3D9FAC-42CA-C971-9F5D-F81B5415C3FA}.Release|Any CPU.Build.0 = Release|Any CPU
		{20BD9030-8FBE-2899-636D-C6F2D62ECC49}.Debug|Any CPU.ActiveCfg = Debug|Any CPU
		{20BD9030-8FBE-2899-636D-C6F2D62ECC49}.Debug|Any CPU.Build.0 = Debug|Any CPU
		{20BD9030-8FBE-2899-636D-C6F2D62ECC49}.Release|Any CPU.ActiveCfg = Release|Any CPU
		{20BD9030-8FBE-2899-636D-C6F2D62ECC49}.Release|Any CPU.Build.0 = Release|Any CPU
	EndGlobalSection
	GlobalSection(SolutionProperties) = preSolution
		HideSolutionNode = FALSE
	EndGlobalSection
	GlobalSection(MonoDevelopProperties) = preSolution
		StartupItem = Assembly-CSharp.csproj
	EndGlobalSection
EndGlobal
